
Microsoft Visual Studio Solution File, Format Version 12.00
# Visual Studio Version 16
VisualStudioVersion = 16.0.30413.136
MinimumVisualStudioVersion = 10.0.40219.1
Project("{FAE04EC0-301F-11D3-BF4B-00C04F79EFBC}") = "ZipSolution", "ZipSolution\ZipSolution.csproj", "{E5EB7559-1A08-44DE-8B83-231E6085B763}"
EndProject
Project("{FAE04EC0-301F-11D3-BF4B-00C04F79EFBC}") = "UpdateWebsite", "UpdateWebsite\UpdateWebsite.csproj", "{E78EEABB-AC9E-47E7-AA95-065FB004FA8E}"
EndProject
Project("{FAE04EC0-301F-11D3-BF4B-00C04F79EFBC}") = "ClearSolution", "ClearSolution\ClearSolution.csproj", "{F09C41E1-77E4-4F06-9A9E-812207F17C70}"
EndProject
Global
	GlobalSection(SolutionConfigurationPlatforms) = preSolution
		Debug|Any CPU = Debug|Any CPU
		Release|Any CPU = Release|Any CPU
	EndGlobalSection
	GlobalSection(ProjectConfigurationPlatforms) = postSolution
		{E5EB7559-1A08-44DE-8B83-231E6085B763}.Debug|Any CPU.ActiveCfg = Debug|Any CPU
		{E5EB7559-1A08-44DE-8B83-231E6085B763}.Debug|Any CPU.Build.0 = Debug|Any CPU
		{E5EB7559-1A08-44DE-8B83-231E6085B763}.Release|Any CPU.ActiveCfg = Release|Any CPU
		{E5EB7559-1A08-44DE-8B83-231E6085B763}.Release|Any CPU.Build.0 = Release|Any CPU
		{E78EEABB-AC9E-47E7-AA95-065FB004FA8E}.Debug|Any CPU.ActiveCfg = Debug|Any CPU
		{E78EEABB-AC9E-47E7-AA95-065FB004FA8E}.Debug|Any CPU.Build.0 = Debug|Any CPU
		{E78EEABB-AC9E-47E7-AA95-065FB004FA8E}.Release|Any CPU.ActiveCfg = Release|Any CPU
		{E78EEABB-AC9E-47E7-AA95-065FB004FA8E}.Release|Any CPU.Build.0 = Release|Any CPU
		{F09C41E1-77E4-4F06-9A9E-812207F17C70}.Debug|Any CPU.ActiveCfg = Debug|Any CPU
		{F09C41E1-77E4-4F06-9A9E-812207F17C70}.Debug|Any CPU.Build.0 = Debug|Any CPU
		{F09C41E1-77E4-4F06-9A9E-812207F17C70}.Release|Any CPU.ActiveCfg = Release|Any CPU
		{F09C41E1-77E4-4F06-9A9E-812207F17C70}.Release|Any CPU.Build.0 = Release|Any CPU
	EndGlobalSection
	GlobalSection(SolutionProperties) = preSolution
		HideSolutionNode = FALSE
	EndGlobalSection
	GlobalSection(ExtensibilityGlobals) = postSolution
		SolutionGuid = {8835E5BC-833E-48E5-A4C9-C0B34C3CE442}
	EndGlobalSection
EndGlobal
